
Microsoft Visual Studio Solution File, Format Version 12.00
# Visual Studio Version 16
VisualStudioVersion = 25.0.1704.4
MinimumVisualStudioVersion = 10.0.40219.1
Project("{FAE04EC0-301F-11D3-BF4B-00C04F79EFBC}") = "dynamic", "dynamic\dynamic.csproj", "{BDF74949-9715-46EC-B359-CF071C1E0641}"
EndProject
Global
	GlobalSection(SolutionConfigurationPlatforms) = preSolution
		Debug|Any CPU = Debug|Any CPU
		Release|Any CPU = Release|Any CPU
	EndGlobalSection
	GlobalSection(ProjectConfigurationPlatforms) = postSolution
		{BDF74949-9715-46EC-B359-CF071C1E0641}.Debug|Any CPU.ActiveCfg = Debug|Any CPU
		{BDF74949-9715-46EC-B359-CF071C1E0641}.Debug|Any CPU.Build.0 = Debug|Any CPU
		{BDF74949-9715-46EC-B359-CF071C1E0641}.Release|Any CPU.ActiveCfg = Release|Any CPU
		{BDF74949-9715-46EC-B359-CF071C1E0641}.Release|Any CPU.Build.0 = Release|Any CPU
	EndGlobalSection
	GlobalSection(SolutionProperties) = preSolution
		HideSolutionNode = FALSE
	EndGlobalSection
	GlobalSection(ExtensibilityGlobals) = postSolution
		SolutionGuid = {08587514-83E8-40B9-AC50-E4D181914EEA}
	EndGlobalSection
EndGlobal
