
Microsoft Visual Studio Solution File, Format Version 12.00
# Visual Studio Version 16
VisualStudioVersion = 25.0.1704.4
MinimumVisualStudioVersion = 10.0.40219.1
Project("{FAE04EC0-301F-11D3-BF4B-00C04F79EFBC}") = "File", "File\File.csproj", "{D532F895-31A1-4339-827B-F558FD5A1303}"
EndProject
Global
	GlobalSection(SolutionConfigurationPlatforms) = preSolution
		Debug|Any CPU = Debug|Any CPU
		Release|Any CPU = Release|Any CPU
	EndGlobalSection
	GlobalSection(ProjectConfigurationPlatforms) = postSolution
		{D532F895-31A1-4339-827B-F558FD5A1303}.Debug|Any CPU.ActiveCfg = Debug|Any CPU
		{D532F895-31A1-4339-827B-F558FD5A1303}.Debug|Any CPU.Build.0 = Debug|Any CPU
		{D532F895-31A1-4339-827B-F558FD5A1303}.Release|Any CPU.ActiveCfg = Release|Any CPU
		{D532F895-31A1-4339-827B-F558FD5A1303}.Release|Any CPU.Build.0 = Release|Any CPU
	EndGlobalSection
	GlobalSection(SolutionProperties) = preSolution
		HideSolutionNode = FALSE
	EndGlobalSection
	GlobalSection(ExtensibilityGlobals) = postSolution
		SolutionGuid = {28CF525A-2707-434F-85A3-F0DB5AC2C1E1}
	EndGlobalSection
EndGlobal
