
Microsoft Visual Studio Solution File, Format Version 12.00
# Visual Studio Version 16
VisualStudioVersion = 25.0.1704.4
MinimumVisualStudioVersion = 10.0.40219.1
Project("{FAE04EC0-301F-11D3-BF4B-00C04F79EFBC}") = "LINQ", "LINQ\LINQ.csproj", "{CCFE7AE3-F623-43EF-A366-16A28C0AA6F3}"
EndProject
Global
	GlobalSection(SolutionConfigurationPlatforms) = preSolution
		Debug|Any CPU = Debug|Any CPU
		Release|Any CPU = Release|Any CPU
	EndGlobalSection
	GlobalSection(ProjectConfigurationPlatforms) = postSolution
		{CCFE7AE3-F623-43EF-A366-16A28C0AA6F3}.Debug|Any CPU.ActiveCfg = Debug|Any CPU
		{CCFE7AE3-F623-43EF-A366-16A28C0AA6F3}.Debug|Any CPU.Build.0 = Debug|Any CPU
		{CCFE7AE3-F623-43EF-A366-16A28C0AA6F3}.Release|Any CPU.ActiveCfg = Release|Any CPU
		{CCFE7AE3-F623-43EF-A366-16A28C0AA6F3}.Release|Any CPU.Build.0 = Release|Any CPU
	EndGlobalSection
	GlobalSection(SolutionProperties) = preSolution
		HideSolutionNode = FALSE
	EndGlobalSection
	GlobalSection(ExtensibilityGlobals) = postSolution
		SolutionGuid = {A3AD5AD7-4026-460A-A3CB-F9D910FF9F52}
	EndGlobalSection
EndGlobal
