
Microsoft Visual Studio Solution File, Format Version 12.00
# Visual Studio Version 16
VisualStudioVersion = 25.0.1704.4
MinimumVisualStudioVersion = 10.0.40219.1
Project("{FAE04EC0-301F-11D3-BF4B-00C04F79EFBC}") = "Lambda Expression", "Lambda Expression\Lambda Expression.csproj", "{21668477-62F9-4A52-8E47-BA22ABEB4D76}"
EndProject
Global
	GlobalSection(SolutionConfigurationPlatforms) = preSolution
		Debug|Any CPU = Debug|Any CPU
		Release|Any CPU = Release|Any CPU
	EndGlobalSection
	GlobalSection(ProjectConfigurationPlatforms) = postSolution
		{21668477-62F9-4A52-8E47-BA22ABEB4D76}.Debug|Any CPU.ActiveCfg = Debug|Any CPU
		{21668477-62F9-4A52-8E47-BA22ABEB4D76}.Debug|Any CPU.Build.0 = Debug|Any CPU
		{21668477-62F9-4A52-8E47-BA22ABEB4D76}.Release|Any CPU.ActiveCfg = Release|Any CPU
		{21668477-62F9-4A52-8E47-BA22ABEB4D76}.Release|Any CPU.Build.0 = Release|Any CPU
	EndGlobalSection
	GlobalSection(SolutionProperties) = preSolution
		HideSolutionNode = FALSE
	EndGlobalSection
	GlobalSection(ExtensibilityGlobals) = postSolution
		SolutionGuid = {FB68EDFC-D7AD-4BCE-95B4-DE6E476FEAAD}
	EndGlobalSection
EndGlobal
