
Microsoft Visual Studio Solution File, Format Version 12.00
# Visual Studio Version 16
VisualStudioVersion = 25.0.1704.4
MinimumVisualStudioVersion = 10.0.40219.1
Project("{FAE04EC0-301F-11D3-BF4B-00C04F79EFBC}") = "Generic Programming", "Generic Programming\Generic Programming.csproj", "{6AD98877-8CCB-4B98-9DAB-7F0ED9615536}"
EndProject
Global
	GlobalSection(SolutionConfigurationPlatforms) = preSolution
		Debug|Any CPU = Debug|Any CPU
		Release|Any CPU = Release|Any CPU
	EndGlobalSection
	GlobalSection(ProjectConfigurationPlatforms) = postSolution
		{6AD98877-8CCB-4B98-9DAB-7F0ED9615536}.Debug|Any CPU.ActiveCfg = Debug|Any CPU
		{6AD98877-8CCB-4B98-9DAB-7F0ED9615536}.Debug|Any CPU.Build.0 = Debug|Any CPU
		{6AD98877-8CCB-4B98-9DAB-7F0ED9615536}.Release|Any CPU.ActiveCfg = Release|Any CPU
		{6AD98877-8CCB-4B98-9DAB-7F0ED9615536}.Release|Any CPU.Build.0 = Release|Any CPU
	EndGlobalSection
	GlobalSection(SolutionProperties) = preSolution
		HideSolutionNode = FALSE
	EndGlobalSection
	GlobalSection(ExtensibilityGlobals) = postSolution
		SolutionGuid = {C2BB9DB2-E420-420D-92C6-EEE3A347A315}
	EndGlobalSection
EndGlobal
